
Microsoft Visual Studio Solution File, Format Version 12.00
# Visual Studio Version 17
VisualStudioVersion = 17.4.33213.308
MinimumVisualStudioVersion = 10.0.40219.1
Project("{9A19103F-16F7-4668-BE54-9A1E7A4F7556}") = "Plan.WebApi", "Plan.WebApi\Plan.WebApi.csproj", "{0071AC3C-2233-4930-ADA0-E11DEC14E9C0}"
EndProject
Project("{9A19103F-16F7-4668-BE54-9A1E7A4F7556}") = "Plan.Infraestructure", "Plan.Infraestructure\Plan.Infraestructure.csproj", "{6CB44EF0-0424-4111-BD4E-7D1BEBD40CF6}"
EndProject
Project("{9A19103F-16F7-4668-BE54-9A1E7A4F7556}") = "Plan.Core", "Plan.Core\Plan.Core.csproj", "{C730A5A1-4019-415C-8071-CA7825085C35}"
EndProject
Project("{9A19103F-16F7-4668-BE54-9A1E7A4F7556}") = "Plan.Application", "Plan.Application\Plan.Application.csproj", "{481B48FD-4D92-476E-9A6F-1B67A664E189}"
EndProject
Project("{2150E333-8FDC-42A3-9474-1A3956D46DE8}") = "src", "src", "{555C7845-7297-43BC-BEF2-93D09E519DD1}"
	ProjectSection(SolutionItems) = preProject
		docker-compose.yml = docker-compose.yml
	EndProjectSection
EndProject
Project("{2150E333-8FDC-42A3-9474-1A3956D46DE8}") = "Plan.Api", "Plan.Api", "{074DAB2B-A352-47FF-AE43-86765E678038}"
EndProject
Global
	GlobalSection(SolutionConfigurationPlatforms) = preSolution
		Debug|Any CPU = Debug|Any CPU
		Release|Any CPU = Release|Any CPU
	EndGlobalSection
	GlobalSection(ProjectConfigurationPlatforms) = postSolution
		{0071AC3C-2233-4930-ADA0-E11DEC14E9C0}.Debug|Any CPU.ActiveCfg = Debug|Any CPU
		{0071AC3C-2233-4930-ADA0-E11DEC14E9C0}.Debug|Any CPU.Build.0 = Debug|Any CPU
		{0071AC3C-2233-4930-ADA0-E11DEC14E9C0}.Release|Any CPU.ActiveCfg = Release|Any CPU
		{0071AC3C-2233-4930-ADA0-E11DEC14E9C0}.Release|Any CPU.Build.0 = Release|Any CPU
		{6CB44EF0-0424-4111-BD4E-7D1BEBD40CF6}.Debug|Any CPU.ActiveCfg = Debug|Any CPU
		{6CB44EF0-0424-4111-BD4E-7D1BEBD40CF6}.Debug|Any CPU.Build.0 = Debug|Any CPU
		{6CB44EF0-0424-4111-BD4E-7D1BEBD40CF6}.Release|Any CPU.ActiveCfg = Release|Any CPU
		{6CB44EF0-0424-4111-BD4E-7D1BEBD40CF6}.Release|Any CPU.Build.0 = Release|Any CPU
		{C730A5A1-4019-415C-8071-CA7825085C35}.Debug|Any CPU.ActiveCfg = Debug|Any CPU
		{C730A5A1-4019-415C-8071-CA7825085C35}.Debug|Any CPU.Build.0 = Debug|Any CPU
		{C730A5A1-4019-415C-8071-CA7825085C35}.Release|Any CPU.ActiveCfg = Release|Any CPU
		{C730A5A1-4019-415C-8071-CA7825085C35}.Release|Any CPU.Build.0 = Release|Any CPU
		{481B48FD-4D92-476E-9A6F-1B67A664E189}.Debug|Any CPU.ActiveCfg = Debug|Any CPU
		{481B48FD-4D92-476E-9A6F-1B67A664E189}.Debug|Any CPU.Build.0 = Debug|Any CPU
		{481B48FD-4D92-476E-9A6F-1B67A664E189}.Release|Any CPU.ActiveCfg = Release|Any CPU
		{481B48FD-4D92-476E-9A6F-1B67A664E189}.Release|Any CPU.Build.0 = Release|Any CPU
	EndGlobalSection
	GlobalSection(SolutionProperties) = preSolution
		HideSolutionNode = FALSE
	EndGlobalSection
	GlobalSection(NestedProjects) = preSolution
		{0071AC3C-2233-4930-ADA0-E11DEC14E9C0} = {074DAB2B-A352-47FF-AE43-86765E678038}
		{6CB44EF0-0424-4111-BD4E-7D1BEBD40CF6} = {074DAB2B-A352-47FF-AE43-86765E678038}
		{C730A5A1-4019-415C-8071-CA7825085C35} = {074DAB2B-A352-47FF-AE43-86765E678038}
		{481B48FD-4D92-476E-9A6F-1B67A664E189} = {074DAB2B-A352-47FF-AE43-86765E678038}
		{074DAB2B-A352-47FF-AE43-86765E678038} = {555C7845-7297-43BC-BEF2-93D09E519DD1}
	EndGlobalSection
	GlobalSection(ExtensibilityGlobals) = postSolution
		SolutionGuid = {00B7C73B-02DF-4C9C-9B3D-4566B93658C1}
	EndGlobalSection
EndGlobal
